
Microsoft Visual Studio Solution File, Format Version 12.00
# Visual Studio Version 17
VisualStudioVersion = 17.14.36908.2 d17.14
MinimumVisualStudioVersion = 10.0.40219.1
Project("{FAE04EC0-301F-11D3-BF4B-00C04F79EFBC}") = "GBastos.Ordena_livros", "GBastos.Ordena_livros.csproj", "{BC5C6288-8546-49B1-86EA-5F8BCFEAC817}"
EndProject
Project("{FAE04EC0-301F-11D3-BF4B-00C04F79EFBC}") = "GBastos.Ordena_livros.Tests", "..\GBastos.Ordena_livros.Tests\GBastos.Ordena_livros.Tests.csproj", "{8511DF4F-576B-12A5-0986-9A12EB21A0D2}"
EndProject
Global
	GlobalSection(SolutionConfigurationPlatforms) = preSolution
		Debug|Any CPU = Debug|Any CPU
		Release|Any CPU = Release|Any CPU
	EndGlobalSection
	GlobalSection(ProjectConfigurationPlatforms) = postSolution
		{BC5C6288-8546-49B1-86EA-5F8BCFEAC817}.Debug|Any CPU.ActiveCfg = Debug|Any CPU
		{BC5C6288-8546-49B1-86EA-5F8BCFEAC817}.Debug|Any CPU.Build.0 = Debug|Any CPU
		{BC5C6288-8546-49B1-86EA-5F8BCFEAC817}.Release|Any CPU.ActiveCfg = Release|Any CPU
		{BC5C6288-8546-49B1-86EA-5F8BCFEAC817}.Release|Any CPU.Build.0 = Release|Any CPU
		{8511DF4F-576B-12A5-0986-9A12EB21A0D2}.Debug|Any CPU.ActiveCfg = Debug|Any CPU
		{8511DF4F-576B-12A5-0986-9A12EB21A0D2}.Debug|Any CPU.Build.0 = Debug|Any CPU
		{8511DF4F-576B-12A5-0986-9A12EB21A0D2}.Release|Any CPU.ActiveCfg = Release|Any CPU
		{8511DF4F-576B-12A5-0986-9A12EB21A0D2}.Release|Any CPU.Build.0 = Release|Any CPU
	EndGlobalSection
	GlobalSection(SolutionProperties) = preSolution
		HideSolutionNode = FALSE
	EndGlobalSection
	GlobalSection(ExtensibilityGlobals) = postSolution
		SolutionGuid = {7627C18E-F0E1-4C21-87C0-A554286E0ADD}
	EndGlobalSection
EndGlobal
